Microsoft Visual Studio Solution File, Format Version 12.00
# Visual Studio 2012
Project("{FAE04EC0-301F-11D3-BF4B-00C04F79EFBC}") = "Coin Collector", "Coin Collector.csproj", "{DDB4C0AD-FCE8-46DC-AA82-0397DC4E35FD}"
EndProject
Global
	GlobalSection(SolutionConfigurationPlatforms) = preSolution
	Debug|Any CPU = Debug|Any CPU
	ExportDebug|Any CPU = ExportDebug|Any CPU
	ExportRelease|Any CPU = ExportRelease|Any CPU
	EndGlobalSection
	GlobalSection(ProjectConfigurationPlatforms) = postSolution
		{DDB4C0AD-FCE8-46DC-AA82-0397DC4E35FD}.Debug|Any CPU.ActiveCfg = Debug|Any CPU
		{DDB4C0AD-FCE8-46DC-AA82-0397DC4E35FD}.Debug|Any CPU.Build.0 = Debug|Any CPU
		{DDB4C0AD-FCE8-46DC-AA82-0397DC4E35FD}.ExportDebug|Any CPU.ActiveCfg = ExportDebug|Any CPU
		{DDB4C0AD-FCE8-46DC-AA82-0397DC4E35FD}.ExportDebug|Any CPU.Build.0 = ExportDebug|Any CPU
		{DDB4C0AD-FCE8-46DC-AA82-0397DC4E35FD}.ExportRelease|Any CPU.ActiveCfg = ExportRelease|Any CPU
		{DDB4C0AD-FCE8-46DC-AA82-0397DC4E35FD}.ExportRelease|Any CPU.Build.0 = ExportRelease|Any CPU
	EndGlobalSection
EndGlobal
